
Microsoft Visual Studio Solution File, Format Version 12.00
# Visual Studio Version 17
VisualStudioVersion = 17.13.35931.197
MinimumVisualStudioVersion = 10.0.40219.1
Project("{FAE04EC0-301F-11D3-BF4B-00C04F79EFBC}") = "Ex1", "Ex1.csproj", "{D190CE3C-50E7-4045-A1A6-2C46A49E9EE3}"
EndProject
Project("{FAE04EC0-301F-11D3-BF4B-00C04F79EFBC}") = "Ex2", "..\Ex2\Ex2.csproj", "{C35E00D4-74D8-482F-A4E1-BB4F307AF622}"
EndProject
Project("{FAE04EC0-301F-11D3-BF4B-00C04F79EFBC}") = "Ex3", "..\Ex3\Ex3.csproj", "{7AE10B7C-DB9A-4A1F-9CEE-DC9F44B86AC7}"
EndProject
Project("{FAE04EC0-301F-11D3-BF4B-00C04F79EFBC}") = "Ex4", "..\Ex4\Ex4.csproj", "{21700A5C-C798-46AE-ACEE-982F077E119D}"
EndProject
Project("{FAE04EC0-301F-11D3-BF4B-00C04F79EFBC}") = "Ex5", "..\Ex5\Ex5.csproj", "{08042FE8-DC3C-460C-9ED2-340B04D17012}"
EndProject
Project("{FAE04EC0-301F-11D3-BF4B-00C04F79EFBC}") = "Ex6", "..\Ex6\Ex6.csproj", "{CF7A2AE2-A098-403C-858F-3D3E49D665B2}"
EndProject
Project("{FAE04EC0-301F-11D3-BF4B-00C04F79EFBC}") = "Ex7", "..\Ex7\Ex7.csproj", "{B261D4C6-FD17-419A-AE32-10BE739EA08D}"
EndProject
Project("{FAE04EC0-301F-11D3-BF4B-00C04F79EFBC}") = "Ex8", "..\Ex8\Ex8.csproj", "{837332AB-452E-4198-9972-3E4D602F677A}"
EndProject
Project("{FAE04EC0-301F-11D3-BF4B-00C04F79EFBC}") = "Ex9", "..\Ex9\Ex9.csproj", "{5350B044-BB69-4078-8714-EDEA3B689C10}"
EndProject
Project("{FAE04EC0-301F-11D3-BF4B-00C04F79EFBC}") = "Exer10", "..\Ex_10\Exer10.csproj", "{6599BFEA-CA4C-4545-979F-B4FA256BF8BC}"
EndProject
Project("{FAE04EC0-301F-11D3-BF4B-00C04F79EFBC}") = "Exer11", "..\Exer11\Exer11.csproj", "{8BED8BAC-FAE5-473C-BF5A-D19C5F0673E9}"
EndProject
Project("{FAE04EC0-301F-11D3-BF4B-00C04F79EFBC}") = "Exer12", "..\Exer12\Exer12.csproj", "{675C6CC2-2B4B-4D07-95E1-4819A2D38C0B}"
EndProject
Global
	GlobalSection(SolutionConfigurationPlatforms) = preSolution
		Debug|Any CPU = Debug|Any CPU
		Release|Any CPU = Release|Any CPU
	EndGlobalSection
	GlobalSection(ProjectConfigurationPlatforms) = postSolution
		{D190CE3C-50E7-4045-A1A6-2C46A49E9EE3}.Debug|Any CPU.ActiveCfg = Debug|Any CPU
		{D190CE3C-50E7-4045-A1A6-2C46A49E9EE3}.Debug|Any CPU.Build.0 = Debug|Any CPU
		{D190CE3C-50E7-4045-A1A6-2C46A49E9EE3}.Release|Any CPU.ActiveCfg = Release|Any CPU
		{D190CE3C-50E7-4045-A1A6-2C46A49E9EE3}.Release|Any CPU.Build.0 = Release|Any CPU
		{C35E00D4-74D8-482F-A4E1-BB4F307AF622}.Debug|Any CPU.ActiveCfg = Debug|Any CPU
		{C35E00D4-74D8-482F-A4E1-BB4F307AF622}.Debug|Any CPU.Build.0 = Debug|Any CPU
		{C35E00D4-74D8-482F-A4E1-BB4F307AF622}.Release|Any CPU.ActiveCfg = Release|Any CPU
		{C35E00D4-74D8-482F-A4E1-BB4F307AF622}.Release|Any CPU.Build.0 = Release|Any CPU
		{7AE10B7C-DB9A-4A1F-9CEE-DC9F44B86AC7}.Debug|Any CPU.ActiveCfg = Debug|Any CPU
		{7AE10B7C-DB9A-4A1F-9CEE-DC9F44B86AC7}.Debug|Any CPU.Build.0 = Debug|Any CPU
		{7AE10B7C-DB9A-4A1F-9CEE-DC9F44B86AC7}.Release|Any CPU.ActiveCfg = Release|Any CPU
		{7AE10B7C-DB9A-4A1F-9CEE-DC9F44B86AC7}.Release|Any CPU.Build.0 = Release|Any CPU
		{21700A5C-C798-46AE-ACEE-982F077E119D}.Debug|Any CPU.ActiveCfg = Debug|Any CPU
		{21700A5C-C798-46AE-ACEE-982F077E119D}.Debug|Any CPU.Build.0 = Debug|Any CPU
		{21700A5C-C798-46AE-ACEE-982F077E119D}.Release|Any CPU.ActiveCfg = Release|Any CPU
		{21700A5C-C798-46AE-ACEE-982F077E119D}.Release|Any CPU.Build.0 = Release|Any CPU
		{08042FE8-DC3C-460C-9ED2-340B04D17012}.Debug|Any CPU.ActiveCfg = Debug|Any CPU
		{08042FE8-DC3C-460C-9ED2-340B04D17012}.Debug|Any CPU.Build.0 = Debug|Any CPU
		{08042FE8-DC3C-460C-9ED2-340B04D17012}.Release|Any CPU.ActiveCfg = Release|Any CPU
		{08042FE8-DC3C-460C-9ED2-340B04D17012}.Release|Any CPU.Build.0 = Release|Any CPU
		{CF7A2AE2-A098-403C-858F-3D3E49D665B2}.Debug|Any CPU.ActiveCfg = Debug|Any CPU
		{CF7A2AE2-A098-403C-858F-3D3E49D665B2}.Debug|Any CPU.Build.0 = Debug|Any CPU
		{CF7A2AE2-A098-403C-858F-3D3E49D665B2}.Release|Any CPU.ActiveCfg = Release|Any CPU
		{CF7A2AE2-A098-403C-858F-3D3E49D665B2}.Release|Any CPU.Build.0 = Release|Any CPU
		{B261D4C6-FD17-419A-AE32-10BE739EA08D}.Debug|Any CPU.ActiveCfg = Debug|Any CPU
		{B261D4C6-FD17-419A-AE32-10BE739EA08D}.Debug|Any CPU.Build.0 = Debug|Any CPU
		{B261D4C6-FD17-419A-AE32-10BE739EA08D}.Release|Any CPU.ActiveCfg = Release|Any CPU
		{B261D4C6-FD17-419A-AE32-10BE739EA08D}.Release|Any CPU.Build.0 = Release|Any CPU
		{837332AB-452E-4198-9972-3E4D602F677A}.Debug|Any CPU.ActiveCfg = Debug|Any CPU
		{837332AB-452E-4198-9972-3E4D602F677A}.Debug|Any CPU.Build.0 = Debug|Any CPU
		{837332AB-452E-4198-9972-3E4D602F677A}.Release|Any CPU.ActiveCfg = Release|Any CPU
		{837332AB-452E-4198-9972-3E4D602F677A}.Release|Any CPU.Build.0 = Release|Any CPU
		{5350B044-BB69-4078-8714-EDEA3B689C10}.Debug|Any CPU.ActiveCfg = Debug|Any CPU
		{5350B044-BB69-4078-8714-EDEA3B689C10}.Debug|Any CPU.Build.0 = Debug|Any CPU
		{5350B044-BB69-4078-8714-EDEA3B689C10}.Release|Any CPU.ActiveCfg = Release|Any CPU
		{5350B044-BB69-4078-8714-EDEA3B689C10}.Release|Any CPU.Build.0 = Release|Any CPU
		{6599BFEA-CA4C-4545-979F-B4FA256BF8BC}.Debug|Any CPU.ActiveCfg = Debug|Any CPU
		{6599BFEA-CA4C-4545-979F-B4FA256BF8BC}.Debug|Any CPU.Build.0 = Debug|Any CPU
		{6599BFEA-CA4C-4545-979F-B4FA256BF8BC}.Release|Any CPU.ActiveCfg = Release|Any CPU
		{6599BFEA-CA4C-4545-979F-B4FA256BF8BC}.Release|Any CPU.Build.0 = Release|Any CPU
		{8BED8BAC-FAE5-473C-BF5A-D19C5F0673E9}.Debug|Any CPU.ActiveCfg = Debug|Any CPU
		{8BED8BAC-FAE5-473C-BF5A-D19C5F0673E9}.Debug|Any CPU.Build.0 = Debug|Any CPU
		{8BED8BAC-FAE5-473C-BF5A-D19C5F0673E9}.Release|Any CPU.ActiveCfg = Release|Any CPU
		{8BED8BAC-FAE5-473C-BF5A-D19C5F0673E9}.Release|Any CPU.Build.0 = Release|Any CPU
		{675C6CC2-2B4B-4D07-95E1-4819A2D38C0B}.Debug|Any CPU.ActiveCfg = Debug|Any CPU
		{675C6CC2-2B4B-4D07-95E1-4819A2D38C0B}.Debug|Any CPU.Build.0 = Debug|Any CPU
		{675C6CC2-2B4B-4D07-95E1-4819A2D38C0B}.Release|Any CPU.ActiveCfg = Release|Any CPU
		{675C6CC2-2B4B-4D07-95E1-4819A2D38C0B}.Release|Any CPU.Build.0 = Release|Any CPU
	EndGlobalSection
	GlobalSection(SolutionProperties) = preSolution
		HideSolutionNode = FALSE
	EndGlobalSection
	GlobalSection(ExtensibilityGlobals) = postSolution
		SolutionGuid = {30905DBE-8E45-47D8-BBEA-222D9080FBA8}
	EndGlobalSection
EndGlobal
